
Microsoft Visual Studio Solution File, Format Version 12.00
Project("{FAE04EC0-301F-11D3-BF4B-00C04F79EFBC}") = "Day_5", "Day_5\Day_5.csproj", "{F279A493-8DCC-4140-84C2-BC4457D805AE}"
EndProject
Global
	GlobalSection(SolutionConfigurationPlatforms) = preSolution
		Debug|Any CPU = Debug|Any CPU
		Release|Any CPU = Release|Any CPU
	EndGlobalSection
	GlobalSection(ProjectConfigurationPlatforms) = postSolution
		{F279A493-8DCC-4140-84C2-BC4457D805AE}.Debug|Any CPU.ActiveCfg = Debug|Any CPU
		{F279A493-8DCC-4140-84C2-BC4457D805AE}.Debug|Any CPU.Build.0 = Debug|Any CPU
		{F279A493-8DCC-4140-84C2-BC4457D805AE}.Release|Any CPU.ActiveCfg = Release|Any CPU
		{F279A493-8DCC-4140-84C2-BC4457D805AE}.Release|Any CPU.Build.0 = Release|Any CPU
	EndGlobalSection
EndGlobal
