
Microsoft Visual Studio Solution File, Format Version 12.00
Project("{FAE04EC0-301F-11D3-BF4B-00C04F79EFBC}") = "Day_7", "Day_7\Day_7.csproj", "{7A6EECB5-35A0-4A74-BE28-232E91E4D0CF}"
EndProject
Global
	GlobalSection(SolutionConfigurationPlatforms) = preSolution
		Debug|Any CPU = Debug|Any CPU
		Release|Any CPU = Release|Any CPU
	EndGlobalSection
	GlobalSection(ProjectConfigurationPlatforms) = postSolution
		{7A6EECB5-35A0-4A74-BE28-232E91E4D0CF}.Debug|Any CPU.ActiveCfg = Debug|Any CPU
		{7A6EECB5-35A0-4A74-BE28-232E91E4D0CF}.Debug|Any CPU.Build.0 = Debug|Any CPU
		{7A6EECB5-35A0-4A74-BE28-232E91E4D0CF}.Release|Any CPU.ActiveCfg = Release|Any CPU
		{7A6EECB5-35A0-4A74-BE28-232E91E4D0CF}.Release|Any CPU.Build.0 = Release|Any CPU
	EndGlobalSection
EndGlobal
